
Microsoft Visual Studio Solution File, Format Version 12.00
# Visual Studio Version 17
VisualStudioVersion = 17.0.31919.166
MinimumVisualStudioVersion = 10.0.40219.1
Project("{2150E333-8FDC-42A3-9474-1A3956D46DE8}") = "Microservices", "Microservices", "{378F48AE-FDFE-48C6-B4D2-A05C2C40A8D7}"
EndProject
Project("{2150E333-8FDC-42A3-9474-1A3956D46DE8}") = "Domain", "Domain", "{A60DB443-E5C2-4F2F-B115-AFB104C7CB3B}"
EndProject
Project("{2150E333-8FDC-42A3-9474-1A3956D46DE8}") = "Infra.Bus", "Infra.Bus", "{2FF8275A-DBD8-43EB-B87B-3A49059A91F0}"
EndProject
Project("{2150E333-8FDC-42A3-9474-1A3956D46DE8}") = "Infra.IoC", "Infra.IoC", "{AD673FC7-72D6-41D7-BEAC-34DD6CE16415}"
EndProject
Project("{2150E333-8FDC-42A3-9474-1A3956D46DE8}") = "Presentation", "Presentation", "{21AF2C2E-98D4-4586-B20D-EA0F7B33238F}"
EndProject
Project("{FAE04EC0-301F-11D3-BF4B-00C04F79EFBC}") = "MicroRabbit.Domain.Core", "MicroRabbit.Domain.Core\MicroRabbit.Domain.Core.csproj", "{A2F3475A-977E-48F2-9B69-25AEEAE7C514}"
EndProject
Project("{FAE04EC0-301F-11D3-BF4B-00C04F79EFBC}") = "MicroRabbit.Infra.Bus", "MicroRabbit.Infra.Bus\MicroRabbit.Infra.Bus.csproj", "{9F11C285-7092-4B66-A283-02521C715429}"
EndProject
Project("{FAE04EC0-301F-11D3-BF4B-00C04F79EFBC}") = "MicroRabbit.Infra.IoC", "MicroRabbit.Infra.IoC\MicroRabbit.Infra.IoC.csproj", "{49611661-5786-4987-AC5F-9094FC485CD9}"
EndProject
Project("{2150E333-8FDC-42A3-9474-1A3956D46DE8}") = "Banking", "Banking", "{0D668C49-9613-4CA7-8576-84E4A38184DD}"
EndProject
Project("{2150E333-8FDC-42A3-9474-1A3956D46DE8}") = "Api", "Api", "{958F85E8-28C0-4BED-ADC5-BE41D004376F}"
EndProject
Project("{2150E333-8FDC-42A3-9474-1A3956D46DE8}") = "Domain", "Domain", "{5D179D95-486B-413F-B8CB-31BF4F1479C1}"
EndProject
Project("{2150E333-8FDC-42A3-9474-1A3956D46DE8}") = "Application", "Application", "{DFF4AC41-8878-432B-88DA-E785F4194FF3}"
EndProject
Project("{2150E333-8FDC-42A3-9474-1A3956D46DE8}") = "Data", "Data", "{43E73664-68C6-43D1-90A7-7F8B26331F44}"
EndProject
Project("{FAE04EC0-301F-11D3-BF4B-00C04F79EFBC}") = "MicroRabbit.Banking.Api", "MicroRabbit.Banking.Api\MicroRabbit.Banking.Api.csproj", "{5CC9798C-DF7A-449F-A15F-74ADE337BF10}"
EndProject
Project("{FAE04EC0-301F-11D3-BF4B-00C04F79EFBC}") = "MicroRabbit.Banking.Application", "MicroRabbit.Banking.Application\MicroRabbit.Banking.Application.csproj", "{5DF5F98C-6F6A-4107-B2EB-5DC51481ABDB}"
EndProject
Project("{FAE04EC0-301F-11D3-BF4B-00C04F79EFBC}") = "MicroRabbit.Banking.Data", "MicroRabbit.Banking.Data\MicroRabbit.Banking.Data.csproj", "{BC07C9D4-6408-4997-95E6-7D7C6AE75EB6}"
EndProject
Project("{FAE04EC0-301F-11D3-BF4B-00C04F79EFBC}") = "MicroRabbit.Banking.Domain", "MicroRabbit.Banking.Domain\MicroRabbit.Banking.Domain.csproj", "{9AB90569-CD0E-4507-B45A-FCC1F90F2816}"
EndProject
Project("{2150E333-8FDC-42A3-9474-1A3956D46DE8}") = "Transfer", "Transfer", "{110DA8E0-C0F9-4C93-AE30-1BC5CCB0BCA5}"
EndProject
Project("{2150E333-8FDC-42A3-9474-1A3956D46DE8}") = "Api", "Api", "{41FEA824-5CC7-481B-933B-14A287809304}"
EndProject
Project("{2150E333-8FDC-42A3-9474-1A3956D46DE8}") = "Application", "Application", "{22480109-B409-4C86-A704-9FC67AAF7657}"
EndProject
Project("{2150E333-8FDC-42A3-9474-1A3956D46DE8}") = "Data", "Data", "{422E2F0C-3F1E-4889-AE55-F1AD21E75537}"
EndProject
Project("{2150E333-8FDC-42A3-9474-1A3956D46DE8}") = "Domain", "Domain", "{8A974FC4-B4D0-4F4D-B574-D67EA2871418}"
EndProject
Project("{FAE04EC0-301F-11D3-BF4B-00C04F79EFBC}") = "MicroRabbit.Transfer.Api", "MicroRabbit.Transfer.Api\MicroRabbit.Transfer.Api.csproj", "{7947E707-38A0-4FAD-A64C-50C7F3322CD5}"
EndProject
Project("{FAE04EC0-301F-11D3-BF4B-00C04F79EFBC}") = "MicroRabbit.Transfer.Application", "MicroRabbit.Transfer.Application\MicroRabbit.Transfer.Application.csproj", "{5BCE42D9-7D1F-4757-8212-D8D81A3256AC}"
EndProject
Project("{FAE04EC0-301F-11D3-BF4B-00C04F79EFBC}") = "MicroRabbit.Transfer.Domain", "MicroRabbit.Transfer.Domain\MicroRabbit.Transfer.Domain.csproj", "{E1ECC4A8-861B-425A-8935-B957F3F8FF21}"
EndProject
Project("{FAE04EC0-301F-11D3-BF4B-00C04F79EFBC}") = "MicroRabbit.Transfer.Data", "MicroRabbit.Transfer.Data\MicroRabbit.Transfer.Data.csproj", "{03A33D92-0C42-47A6-9B92-BB4EE1BB0A34}"
EndProject
Global
	GlobalSection(SolutionConfigurationPlatforms) = preSolution
		Debug|Any CPU = Debug|Any CPU
		Release|Any CPU = Release|Any CPU
	EndGlobalSection
	GlobalSection(ProjectConfigurationPlatforms) = postSolution
		{A2F3475A-977E-48F2-9B69-25AEEAE7C514}.Debug|Any CPU.ActiveCfg = Debug|Any CPU
		{A2F3475A-977E-48F2-9B69-25AEEAE7C514}.Debug|Any CPU.Build.0 = Debug|Any CPU
		{A2F3475A-977E-48F2-9B69-25AEEAE7C514}.Release|Any CPU.ActiveCfg = Release|Any CPU
		{A2F3475A-977E-48F2-9B69-25AEEAE7C514}.Release|Any CPU.Build.0 = Release|Any CPU
		{9F11C285-7092-4B66-A283-02521C715429}.Debug|Any CPU.ActiveCfg = Debug|Any CPU
		{9F11C285-7092-4B66-A283-02521C715429}.Debug|Any CPU.Build.0 = Debug|Any CPU
		{9F11C285-7092-4B66-A283-02521C715429}.Release|Any CPU.ActiveCfg = Release|Any CPU
		{9F11C285-7092-4B66-A283-02521C715429}.Release|Any CPU.Build.0 = Release|Any CPU
		{49611661-5786-4987-AC5F-9094FC485CD9}.Debug|Any CPU.ActiveCfg = Debug|Any CPU
		{49611661-5786-4987-AC5F-9094FC485CD9}.Debug|Any CPU.Build.0 = Debug|Any CPU
		{49611661-5786-4987-AC5F-9094FC485CD9}.Release|Any CPU.ActiveCfg = Release|Any CPU
		{49611661-5786-4987-AC5F-9094FC485CD9}.Release|Any CPU.Build.0 = Release|Any CPU
		{5CC9798C-DF7A-449F-A15F-74ADE337BF10}.Debug|Any CPU.ActiveCfg = Debug|Any CPU
		{5CC9798C-DF7A-449F-A15F-74ADE337BF10}.Debug|Any CPU.Build.0 = Debug|Any CPU
		{5CC9798C-DF7A-449F-A15F-74ADE337BF10}.Release|Any CPU.ActiveCfg = Release|Any CPU
		{5CC9798C-DF7A-449F-A15F-74ADE337BF10}.Release|Any CPU.Build.0 = Release|Any CPU
		{5DF5F98C-6F6A-4107-B2EB-5DC51481ABDB}.Debug|Any CPU.ActiveCfg = Debug|Any CPU
		{5DF5F98C-6F6A-4107-B2EB-5DC51481ABDB}.Debug|Any CPU.Build.0 = Debug|Any CPU
		{5DF5F98C-6F6A-4107-B2EB-5DC51481ABDB}.Release|Any CPU.ActiveCfg = Release|Any CPU
		{5DF5F98C-6F6A-4107-B2EB-5DC51481ABDB}.Release|Any CPU.Build.0 = Release|Any CPU
		{BC07C9D4-6408-4997-95E6-7D7C6AE75EB6}.Debug|Any CPU.ActiveCfg = Debug|Any CPU
		{BC07C9D4-6408-4997-95E6-7D7C6AE75EB6}.Debug|Any CPU.Build.0 = Debug|Any CPU
		{BC07C9D4-6408-4997-95E6-7D7C6AE75EB6}.Release|Any CPU.ActiveCfg = Release|Any CPU
		{BC07C9D4-6408-4997-95E6-7D7C6AE75EB6}.Release|Any CPU.Build.0 = Release|Any CPU
		{9AB90569-CD0E-4507-B45A-FCC1F90F2816}.Debug|Any CPU.ActiveCfg = Debug|Any CPU
		{9AB90569-CD0E-4507-B45A-FCC1F90F2816}.Debug|Any CPU.Build.0 = Debug|Any CPU
		{9AB90569-CD0E-4507-B45A-FCC1F90F2816}.Release|Any CPU.ActiveCfg = Release|Any CPU
		{9AB90569-CD0E-4507-B45A-FCC1F90F2816}.Release|Any CPU.Build.0 = Release|Any CPU
		{7947E707-38A0-4FAD-A64C-50C7F3322CD5}.Debug|Any CPU.ActiveCfg = Debug|Any CPU
		{7947E707-38A0-4FAD-A64C-50C7F3322CD5}.Debug|Any CPU.Build.0 = Debug|Any CPU
		{7947E707-38A0-4FAD-A64C-50C7F3322CD5}.Release|Any CPU.ActiveCfg = Release|Any CPU
		{7947E707-38A0-4FAD-A64C-50C7F3322CD5}.Release|Any CPU.Build.0 = Release|Any CPU
		{5BCE42D9-7D1F-4757-8212-D8D81A3256AC}.Debug|Any CPU.ActiveCfg = Debug|Any CPU
		{5BCE42D9-7D1F-4757-8212-D8D81A3256AC}.Debug|Any CPU.Build.0 = Debug|Any CPU
		{5BCE42D9-7D1F-4757-8212-D8D81A3256AC}.Release|Any CPU.ActiveCfg = Release|Any CPU
		{5BCE42D9-7D1F-4757-8212-D8D81A3256AC}.Release|Any CPU.Build.0 = Release|Any CPU
		{E1ECC4A8-861B-425A-8935-B957F3F8FF21}.Debug|Any CPU.ActiveCfg = Debug|Any CPU
		{E1ECC4A8-861B-425A-8935-B957F3F8FF21}.Debug|Any CPU.Build.0 = Debug|Any CPU
		{E1ECC4A8-861B-425A-8935-B957F3F8FF21}.Release|Any CPU.ActiveCfg = Release|Any CPU
		{E1ECC4A8-861B-425A-8935-B957F3F8FF21}.Release|Any CPU.Build.0 = Release|Any CPU
		{03A33D92-0C42-47A6-9B92-BB4EE1BB0A34}.Debug|Any CPU.ActiveCfg = Debug|Any CPU
		{03A33D92-0C42-47A6-9B92-BB4EE1BB0A34}.Debug|Any CPU.Build.0 = Debug|Any CPU
		{03A33D92-0C42-47A6-9B92-BB4EE1BB0A34}.Release|Any CPU.ActiveCfg = Release|Any CPU
		{03A33D92-0C42-47A6-9B92-BB4EE1BB0A34}.Release|Any CPU.Build.0 = Release|Any CPU
	EndGlobalSection
	GlobalSection(SolutionProperties) = preSolution
		HideSolutionNode = FALSE
	EndGlobalSection
	GlobalSection(NestedProjects) = preSolution
		{A2F3475A-977E-48F2-9B69-25AEEAE7C514} = {A60DB443-E5C2-4F2F-B115-AFB104C7CB3B}
		{9F11C285-7092-4B66-A283-02521C715429} = {2FF8275A-DBD8-43EB-B87B-3A49059A91F0}
		{49611661-5786-4987-AC5F-9094FC485CD9} = {AD673FC7-72D6-41D7-BEAC-34DD6CE16415}
		{0D668C49-9613-4CA7-8576-84E4A38184DD} = {378F48AE-FDFE-48C6-B4D2-A05C2C40A8D7}
		{958F85E8-28C0-4BED-ADC5-BE41D004376F} = {0D668C49-9613-4CA7-8576-84E4A38184DD}
		{5D179D95-486B-413F-B8CB-31BF4F1479C1} = {0D668C49-9613-4CA7-8576-84E4A38184DD}
		{DFF4AC41-8878-432B-88DA-E785F4194FF3} = {0D668C49-9613-4CA7-8576-84E4A38184DD}
		{43E73664-68C6-43D1-90A7-7F8B26331F44} = {0D668C49-9613-4CA7-8576-84E4A38184DD}
		{5CC9798C-DF7A-449F-A15F-74ADE337BF10} = {958F85E8-28C0-4BED-ADC5-BE41D004376F}
		{5DF5F98C-6F6A-4107-B2EB-5DC51481ABDB} = {DFF4AC41-8878-432B-88DA-E785F4194FF3}
		{BC07C9D4-6408-4997-95E6-7D7C6AE75EB6} = {43E73664-68C6-43D1-90A7-7F8B26331F44}
		{9AB90569-CD0E-4507-B45A-FCC1F90F2816} = {5D179D95-486B-413F-B8CB-31BF4F1479C1}
		{110DA8E0-C0F9-4C93-AE30-1BC5CCB0BCA5} = {378F48AE-FDFE-48C6-B4D2-A05C2C40A8D7}
		{41FEA824-5CC7-481B-933B-14A287809304} = {110DA8E0-C0F9-4C93-AE30-1BC5CCB0BCA5}
		{22480109-B409-4C86-A704-9FC67AAF7657} = {110DA8E0-C0F9-4C93-AE30-1BC5CCB0BCA5}
		{422E2F0C-3F1E-4889-AE55-F1AD21E75537} = {110DA8E0-C0F9-4C93-AE30-1BC5CCB0BCA5}
		{8A974FC4-B4D0-4F4D-B574-D67EA2871418} = {110DA8E0-C0F9-4C93-AE30-1BC5CCB0BCA5}
		{7947E707-38A0-4FAD-A64C-50C7F3322CD5} = {41FEA824-5CC7-481B-933B-14A287809304}
		{5BCE42D9-7D1F-4757-8212-D8D81A3256AC} = {22480109-B409-4C86-A704-9FC67AAF7657}
		{E1ECC4A8-861B-425A-8935-B957F3F8FF21} = {8A974FC4-B4D0-4F4D-B574-D67EA2871418}
		{03A33D92-0C42-47A6-9B92-BB4EE1BB0A34} = {422E2F0C-3F1E-4889-AE55-F1AD21E75537}
	EndGlobalSection
	GlobalSection(ExtensibilityGlobals) = postSolution
		SolutionGuid = {2638C2CA-3307-464C-B479-B3440CB67668}
	EndGlobalSection
EndGlobal
