
Microsoft Visual Studio Solution File, Format Version 12.00
# Visual Studio Version 17
VisualStudioVersion = 17.0.31919.166
MinimumVisualStudioVersion = 10.0.40219.1
Project("{2150E333-8FDC-42A3-9474-1A3956D46DE8}") = "Microservices", "Microservices", "{378F48AE-FDFE-48C6-B4D2-A05C2C40A8D7}"
EndProject
Project("{2150E333-8FDC-42A3-9474-1A3956D46DE8}") = "Domain", "Domain", "{A60DB443-E5C2-4F2F-B115-AFB104C7CB3B}"
EndProject
Project("{2150E333-8FDC-42A3-9474-1A3956D46DE8}") = "Infra.Bus", "Infra.Bus", "{2FF8275A-DBD8-43EB-B87B-3A49059A91F0}"
EndProject
Project("{2150E333-8FDC-42A3-9474-1A3956D46DE8}") = "Infra.IoC", "Infra.IoC", "{AD673FC7-72D6-41D7-BEAC-34DD6CE16415}"
EndProject
Project("{2150E333-8FDC-42A3-9474-1A3956D46DE8}") = "Presentation", "Presentation", "{21AF2C2E-98D4-4586-B20D-EA0F7B33238F}"
EndProject
Project("{FAE04EC0-301F-11D3-BF4B-00C04F79EFBC}") = "MicroRabbit.Domain.Core", "MicroRabbit.Domain.Core\MicroRabbit.Domain.Core.csproj", "{A2F3475A-977E-48F2-9B69-25AEEAE7C514}"
EndProject
Global
	GlobalSection(SolutionConfigurationPlatforms) = preSolution
		Debug|Any CPU = Debug|Any CPU
		Release|Any CPU = Release|Any CPU
	EndGlobalSection
	GlobalSection(ProjectConfigurationPlatforms) = postSolution
		{A2F3475A-977E-48F2-9B69-25AEEAE7C514}.Debug|Any CPU.ActiveCfg = Debug|Any CPU
		{A2F3475A-977E-48F2-9B69-25AEEAE7C514}.Debug|Any CPU.Build.0 = Debug|Any CPU
		{A2F3475A-977E-48F2-9B69-25AEEAE7C514}.Release|Any CPU.ActiveCfg = Release|Any CPU
		{A2F3475A-977E-48F2-9B69-25AEEAE7C514}.Release|Any CPU.Build.0 = Release|Any CPU
	EndGlobalSection
	GlobalSection(SolutionProperties) = preSolution
		HideSolutionNode = FALSE
	EndGlobalSection
	GlobalSection(NestedProjects) = preSolution
		{A2F3475A-977E-48F2-9B69-25AEEAE7C514} = {A60DB443-E5C2-4F2F-B115-AFB104C7CB3B}
	EndGlobalSection
	GlobalSection(ExtensibilityGlobals) = postSolution
		SolutionGuid = {2638C2CA-3307-464C-B479-B3440CB67668}
	EndGlobalSection
EndGlobal
